
Microsoft Visual Studio Solution File, Format Version 12.00
# Visual Studio Version 16
VisualStudioVersion = 16.0.31025.194
MinimumVisualStudioVersion = 10.0.40219.1
Project("{9A19103F-16F7-4668-BE54-9A1E7A4F7556}") = "LibraryChallengeWeb", "LIbraryChallengeWeb\LibraryChallengeWeb.csproj", "{D70C2919-876A-43D2-8D46-0E0C35AF0A6B}"
EndProject
Project("{9A19103F-16F7-4668-BE54-9A1E7A4F7556}") = "LibraryChallengeCore", "LibraryChallengeCore\LibraryChallengeCore.csproj", "{D0AA935C-E0F8-4409-BC69-C46652A942B9}"
EndProject
Project("{FAE04EC0-301F-11D3-BF4B-00C04F79EFBC}") = "LibraryChallengeCoreTests", "LibraryChallengeCoreTests\LibraryChallengeCoreTests.csproj", "{717AD27F-5CD4-4E9F-AA60-AC3671DE2325}"
EndProject
Global
	GlobalSection(SolutionConfigurationPlatforms) = preSolution
		Debug|Any CPU = Debug|Any CPU
		Release|Any CPU = Release|Any CPU
	EndGlobalSection
	GlobalSection(ProjectConfigurationPlatforms) = postSolution
		{D70C2919-876A-43D2-8D46-0E0C35AF0A6B}.Debug|Any CPU.ActiveCfg = Debug|Any CPU
		{D70C2919-876A-43D2-8D46-0E0C35AF0A6B}.Debug|Any CPU.Build.0 = Debug|Any CPU
		{D70C2919-876A-43D2-8D46-0E0C35AF0A6B}.Release|Any CPU.ActiveCfg = Release|Any CPU
		{D70C2919-876A-43D2-8D46-0E0C35AF0A6B}.Release|Any CPU.Build.0 = Release|Any CPU
		{D0AA935C-E0F8-4409-BC69-C46652A942B9}.Debug|Any CPU.ActiveCfg = Debug|Any CPU
		{D0AA935C-E0F8-4409-BC69-C46652A942B9}.Debug|Any CPU.Build.0 = Debug|Any CPU
		{D0AA935C-E0F8-4409-BC69-C46652A942B9}.Release|Any CPU.ActiveCfg = Release|Any CPU
		{D0AA935C-E0F8-4409-BC69-C46652A942B9}.Release|Any CPU.Build.0 = Release|Any CPU
		{717AD27F-5CD4-4E9F-AA60-AC3671DE2325}.Debug|Any CPU.ActiveCfg = Debug|Any CPU
		{717AD27F-5CD4-4E9F-AA60-AC3671DE2325}.Debug|Any CPU.Build.0 = Debug|Any CPU
		{717AD27F-5CD4-4E9F-AA60-AC3671DE2325}.Release|Any CPU.ActiveCfg = Release|Any CPU
		{717AD27F-5CD4-4E9F-AA60-AC3671DE2325}.Release|Any CPU.Build.0 = Release|Any CPU
	EndGlobalSection
	GlobalSection(SolutionProperties) = preSolution
		HideSolutionNode = FALSE
	EndGlobalSection
	GlobalSection(ExtensibilityGlobals) = postSolution
		SolutionGuid = {AC6847B8-E8B8-441E-B04B-633DA4DA7D6E}
	EndGlobalSection
EndGlobal
